// !$*UTF8*$!
{
	archiveVersion = 1;
	classes = {
	};
	objectVersion = 55;
	objects = {

/* Begin PBXBuildFile section */
		44990EE128564379007B5C94 /* SongViewController.swift in Sources */ = {isa = PBXBuildFile; fileRef = 44990EE028564378007B5C94 /* SongViewController.swift */; };
		44D3A434284C142200D93BB0 /* AppDelegate.swift in Sources */ = {isa = PBXBuildFile; fileRef = 44D3A433284C142200D93BB0 /* AppDelegate.swift */; };
		44D3A436284C142200D93BB0 /* SceneDelegate.swift in Sources */ = {isa = PBXBuildFile; fileRef = 44D3A435284C142200D93BB0 /* SceneDelegate.swift */; };
		44D3A43B284C142200D93BB0 /* Main.storyboard in Resources */ = {isa = PBXBuildFile; fileRef = 44D3A439284C142200D93BB0 /* Main.storyboard */; };
		44D3A43D284C142700D93BB0 /* Assets.xcassets in Resources */ = {isa = PBXBuildFile; fileRef = 44D3A43C284C142700D93BB0 /* Assets.xcassets */; };
		44D3A440284C142700D93BB0 /* LaunchScreen.storyboard in Resources */ = {isa = PBXBuildFile; fileRef = 44D3A43E284C142700D93BB0 /* LaunchScreen.storyboard */; };
		44D3A44B284C142700D93BB0 /* SpotifyCloneTests.swift in Sources */ = {isa = PBXBuildFile; fileRef = 44D3A44A284C142700D93BB0 /* SpotifyCloneTests.swift */; };
		44D3A455284C142700D93BB0 /* SpotifyCloneUITests.swift in Sources */ = {isa = PBXBuildFile; fileRef = 44D3A454284C142700D93BB0 /* SpotifyCloneUITests.swift */; };
		44D3A457284C142700D93BB0 /* SpotifyCloneUITestsLaunchTests.swift in Sources */ = {isa = PBXBuildFile; fileRef = 44D3A456284C142700D93BB0 /* SpotifyCloneUITestsLaunchTests.swift */; };
		44D3A468284C153600D93BB0 /* Song.swift in Sources */ = {isa = PBXBuildFile; fileRef = 44D3A467284C153600D93BB0 /* Song.swift */; };
		44D3A46A284C15B200D93BB0 /* Album.swift in Sources */ = {isa = PBXBuildFile; fileRef = 44D3A469284C15B200D93BB0 /* Album.swift */; };
		44D3A46C284C166300D93BB0 /* Category.swift in Sources */ = {isa = PBXBuildFile; fileRef = 44D3A46B284C166300D93BB0 /* Category.swift */; };
		44D3A46F284C191300D93BB0 /* CategoryService.swift in Sources */ = {isa = PBXBuildFile; fileRef = 44D3A46E284C191300D93BB0 /* CategoryService.swift */; };
		44D3A471284C678B00D93BB0 /* categories.json in Resources */ = {isa = PBXBuildFile; fileRef = 44D3A470284C678B00D93BB0 /* categories.json */; };
		44D3A473284C6D5800D93BB0 /* HomeViewController.swift in Sources */ = {isa = PBXBuildFile; fileRef = 44D3A472284C6D5800D93BB0 /* HomeViewController.swift */; };
		44D3A475284D4E9400D93BB0 /* CategoryCell.swift in Sources */ = {isa = PBXBuildFile; fileRef = 44D3A474284D4E9400D93BB0 /* CategoryCell.swift */; };
		44D3A477284D50A600D93BB0 /* AlbumCell.swift in Sources */ = {isa = PBXBuildFile; fileRef = 44D3A476284D50A600D93BB0 /* AlbumCell.swift */; };
		44D3A47B2850189000D93BB0 /* AlbumViewController.swift in Sources */ = {isa = PBXBuildFile; fileRef = 44D3A47A2850189000D93BB0 /* AlbumViewController.swift */; };
		44D3A47D2850211C00D93BB0 /* SongCell.swift in Sources */ = {isa = PBXBuildFile; fileRef = 44D3A47C2850211C00D93BB0 /* SongCell.swift */; };
		44D3A47F285110C200D93BB0 /* User.swift in Sources */ = {isa = PBXBuildFile; fileRef = 44D3A47E285110C200D93BB0 /* User.swift */; };
		44D3A481285110FB00D93BB0 /* UserService.swift in Sources */ = {isa = PBXBuildFile; fileRef = 44D3A480285110FB00D93BB0 /* UserService.swift */; };
		44D3A48428514EAC00D93BB0 /* UIImageColors in Frameworks */ = {isa = PBXBuildFile; productRef = 44D3A48328514EAC00D93BB0 /* UIImageColors */; };
		44D3A4862852817000D93BB0 /* AudioService.swift in Sources */ = {isa = PBXBuildFile; fileRef = 44D3A4852852817000D93BB0 /* AudioService.swift */; };
		44D3A48A2852B1DE00D93BB0 /* song-0.mp3 in Resources */ = {isa = PBXBuildFile; fileRef = 44D3A4872852B1DD00D93BB0 /* song-0.mp3 */; };
		44D3A48B2852B1DE00D93BB0 /* song-2.mp3 in Resources */ = {isa = PBXBuildFile; fileRef = 44D3A4882852B1DE00D93BB0 /* song-2.mp3 */; };
		44D3A48C2852B1DE00D93BB0 /* song-1.mp3 in Resources */ = {isa = PBXBuildFile; fileRef = 44D3A4892852B1DE00D93BB0 /* song-1.mp3 */; };
/* End PBXBuildFile section */

/* Begin PBXContainerItemProxy section */
		44D3A447284C142700D93BB0 /* PBXContainerItemProxy */ = {
			isa = PBXContainerItemProxy;
			containerPortal = 44D3A428284C142200D93BB0 /* Project object */;
			proxyType = 1;
			remoteGlobalIDString = 44D3A42F284C142200D93BB0;
			remoteInfo = SpotifyClone;
		};
		44D3A451284C142700D93BB0 /* PBXContainerItemProxy */ = {
			isa = PBXContainerItemProxy;
			containerPortal = 44D3A428284C142200D93BB0 /* Project object */;
			proxyType = 1;
			remoteGlobalIDString = 44D3A42F284C142200D93BB0;
			remoteInfo = SpotifyClone;
		};
/* End PBXContainerItemProxy section */

/* Begin PBXFileReference section */
		44990EE028564378007B5C94 /* SongViewController.swift */ = {isa = PBXFileReference; lastKnownFileType = sourcecode.swift; path = SongViewController.swift; sourceTree = "<group>"; };
		44D3A430284C142200D93BB0 /* SpotifyClone.app */ = {isa = PBXFileReference; explicitFileType = wrapper.application; includeInIndex = 0; path = SpotifyClone.app; sourceTree = BUILT_PRODUCTS_DIR; };
		44D3A433284C142200D93BB0 /* AppDelegate.swift */ = {isa = PBXFileReference; lastKnownFileType = sourcecode.swift; path = AppDelegate.swift; sourceTree = "<group>"; };
		44D3A435284C142200D93BB0 /* SceneDelegate.swift */ = {isa = PBXFileReference; lastKnownFileType = sourcecode.swift; path = SceneDelegate.swift; sourceTree = "<group>"; };
		44D3A43A284C142200D93BB0 /* Base */ = {isa = PBXFileReference; lastKnownFileType = file.storyboard; name = Base; path = Base.lproj/Main.storyboard; sourceTree = "<group>"; };
		44D3A43C284C142700D93BB0 /* Assets.xcassets */ = {isa = PBXFileReference; lastKnownFileType = folder.assetcatalog; path = Assets.xcassets; sourceTree = "<group>"; };
		44D3A43F284C142700D93BB0 /* Base */ = {isa = PBXFileReference; lastKnownFileType = file.storyboard; name = Base; path = Base.lproj/LaunchScreen.storyboard; sourceTree = "<group>"; };
		44D3A441284C142700D93BB0 /* Info.plist */ = {isa = PBXFileReference; lastKnownFileType = text.plist.xml; path = Info.plist; sourceTree = "<group>"; };
		44D3A446284C142700D93BB0 /* SpotifyCloneTests.xctest */ = {isa = PBXFileReference; explicitFileType = wrapper.cfbundle; includeInIndex = 0; path = SpotifyCloneTests.xctest; sourceTree = BUILT_PRODUCTS_DIR; };
		44D3A44A284C142700D93BB0 /* SpotifyCloneTests.swift */ = {isa = PBXFileReference; lastKnownFileType = sourcecode.swift; path = SpotifyCloneTests.swift; sourceTree = "<group>"; };
		44D3A450284C142700D93BB0 /* SpotifyCloneUITests.xctest */ = {isa = PBXFileReference; explicitFileType = wrapper.cfbundle; includeInIndex = 0; path = SpotifyCloneUITests.xctest; sourceTree = BUILT_PRODUCTS_DIR; };
		44D3A454284C142700D93BB0 /* SpotifyCloneUITests.swift */ = {isa = PBXFileReference; lastKnownFileType = sourcecode.swift; path = SpotifyCloneUITests.swift; sourceTree = "<group>"; };
		44D3A456284C142700D93BB0 /* SpotifyCloneUITestsLaunchTests.swift */ = {isa = PBXFileReference; lastKnownFileType = sourcecode.swift; path = SpotifyCloneUITestsLaunchTests.swift; sourceTree = "<group>"; };
		44D3A467284C153600D93BB0 /* Song.swift */ = {isa = PBXFileReference; lastKnownFileType = sourcecode.swift; path = Song.swift; sourceTree = "<group>"; };
		44D3A469284C15B200D93BB0 /* Album.swift */ = {isa = PBXFileReference; lastKnownFileType = sourcecode.swift; path = Album.swift; sourceTree = "<group>"; };
		44D3A46B284C166300D93BB0 /* Category.swift */ = {isa = PBXFileReference; lastKnownFileType = sourcecode.swift; path = Category.swift; sourceTree = "<group>"; };
		44D3A46E284C191300D93BB0 /* CategoryService.swift */ = {isa = PBXFileReference; lastKnownFileType = sourcecode.swift; path = CategoryService.swift; sourceTree = "<group>"; };
		44D3A470284C678B00D93BB0 /* categories.json */ = {isa = PBXFileReference; fileEncoding = 4; lastKnownFileType = text.json; path = categories.json; sourceTree = "<group>"; };
		44D3A472284C6D5800D93BB0 /* HomeViewController.swift */ = {isa = PBXFileReference; lastKnownFileType = sourcecode.swift; path = HomeViewController.swift; sourceTree = "<group>"; };
		44D3A474284D4E9400D93BB0 /* CategoryCell.swift */ = {isa = PBXFileReference; lastKnownFileType = sourcecode.swift; path = CategoryCell.swift; sourceTree = "<group>"; };
		44D3A476284D50A600D93BB0 /* AlbumCell.swift */ = {isa = PBXFileReference; lastKnownFileType = sourcecode.swift; path = AlbumCell.swift; sourceTree = "<group>"; };
		44D3A47A2850189000D93BB0 /* AlbumViewController.swift */ = {isa = PBXFileReference; lastKnownFileType = sourcecode.swift; path = AlbumViewController.swift; sourceTree = "<group>"; };
		44D3A47C2850211C00D93BB0 /* SongCell.swift */ = {isa = PBXFileReference; lastKnownFileType = sourcecode.swift; path = SongCell.swift; sourceTree = "<group>"; };
		44D3A47E285110C200D93BB0 /* User.swift */ = {isa = PBXFileReference; lastKnownFileType = sourcecode.swift; path = User.swift; sourceTree = "<group>"; };
		44D3A480285110FB00D93BB0 /* UserService.swift */ = {isa = PBXFileReference; lastKnownFileType = sourcecode.swift; path = UserService.swift; sourceTree = "<group>"; };
		44D3A4852852817000D93BB0 /* AudioService.swift */ = {isa = PBXFileReference; lastKnownFileType = sourcecode.swift; path = AudioService.swift; sourceTree = "<group>"; };
		44D3A4872852B1DD00D93BB0 /* song-0.mp3 */ = {isa = PBXFileReference; lastKnownFileType = audio.mp3; path = "song-0.mp3"; sourceTree = "<group>"; };
		44D3A4882852B1DE00D93BB0 /* song-2.mp3 */ = {isa = PBXFileReference; lastKnownFileType = audio.mp3; path = "song-2.mp3"; sourceTree = "<group>"; };
		44D3A4892852B1DE00D93BB0 /* song-1.mp3 */ = {isa = PBXFileReference; lastKnownFileType = audio.mp3; path = "song-1.mp3"; sourceTree = "<group>"; };
/* End PBXFileReference section */

/* Begin PBXFrameworksBuildPhase section */
		44D3A42D284C142200D93BB0 /* Frameworks */ = {
			isa = PBXFrameworksBuildPhase;
			buildActionMask = 2147483647;
			files = (
				44D3A48428514EAC00D93BB0 /* UIImageColors in Frameworks */,
			);
			runOnlyForDeploymentPostprocessing = 0;
		};
		44D3A443284C142700D93BB0 /* Frameworks */ = {
			isa = PBXFrameworksBuildPhase;
			buildActionMask = 2147483647;
			files = (
			);
			runOnlyForDeploymentPostprocessing = 0;
		};
		44D3A44D284C142700D93BB0 /* Frameworks */ = {
			isa = PBXFrameworksBuildPhase;
			buildActionMask = 2147483647;
			files = (
			);
			runOnlyForDeploymentPostprocessing = 0;
		};
/* End PBXFrameworksBuildPhase section */

/* Begin PBXGroup section */
		44D3A427284C142200D93BB0 = {
			isa = PBXGroup;
			children = (
				44D3A432284C142200D93BB0 /* SpotifyClone */,
				44D3A449284C142700D93BB0 /* SpotifyCloneTests */,
				44D3A453284C142700D93BB0 /* SpotifyCloneUITests */,
				44D3A431284C142200D93BB0 /* Products */,
			);
			sourceTree = "<group>";
		};
		44D3A431284C142200D93BB0 /* Products */ = {
			isa = PBXGroup;
			children = (
				44D3A430284C142200D93BB0 /* SpotifyClone.app */,
				44D3A446284C142700D93BB0 /* SpotifyCloneTests.xctest */,
				44D3A450284C142700D93BB0 /* SpotifyCloneUITests.xctest */,
			);
			name = Products;
			sourceTree = "<group>";
		};
		44D3A432284C142200D93BB0 /* SpotifyClone */ = {
			isa = PBXGroup;
			children = (
				44D3A441284C142700D93BB0 /* Info.plist */,
				44D3A43C284C142700D93BB0 /* Assets.xcassets */,
				44D3A466284C14A500D93BB0 /* Supporting Files */,
				44D3A465284C148B00D93BB0 /* Controller  */,
				44D3A464284C148300D93BB0 /* View */,
				44D3A463284C147B00D93BB0 /* Model */,
			);
			path = SpotifyClone;
			sourceTree = "<group>";
		};
		44D3A449284C142700D93BB0 /* SpotifyCloneTests */ = {
			isa = PBXGroup;
			children = (
				44D3A44A284C142700D93BB0 /* SpotifyCloneTests.swift */,
			);
			path = SpotifyCloneTests;
			sourceTree = "<group>";
		};
		44D3A453284C142700D93BB0 /* SpotifyCloneUITests */ = {
			isa = PBXGroup;
			children = (
				44D3A454284C142700D93BB0 /* SpotifyCloneUITests.swift */,
				44D3A456284C142700D93BB0 /* SpotifyCloneUITestsLaunchTests.swift */,
			);
			path = SpotifyCloneUITests;
			sourceTree = "<group>";
		};
		44D3A463284C147B00D93BB0 /* Model */ = {
			isa = PBXGroup;
			children = (
				44D3A46D284C18C700D93BB0 /* Service */,
				44D3A467284C153600D93BB0 /* Song.swift */,
				44D3A469284C15B200D93BB0 /* Album.swift */,
				44D3A46B284C166300D93BB0 /* Category.swift */,
				44D3A47E285110C200D93BB0 /* User.swift */,
			);
			path = Model;
			sourceTree = "<group>";
		};
		44D3A464284C148300D93BB0 /* View */ = {
			isa = PBXGroup;
			children = (
				44D3A439284C142200D93BB0 /* Main.storyboard */,
				44D3A43E284C142700D93BB0 /* LaunchScreen.storyboard */,
				44D3A474284D4E9400D93BB0 /* CategoryCell.swift */,
				44D3A476284D50A600D93BB0 /* AlbumCell.swift */,
				44D3A47C2850211C00D93BB0 /* SongCell.swift */,
			);
			path = View;
			sourceTree = "<group>";
		};
		44D3A465284C148B00D93BB0 /* Controller  */ = {
			isa = PBXGroup;
			children = (
				44D3A472284C6D5800D93BB0 /* HomeViewController.swift */,
				44D3A47A2850189000D93BB0 /* AlbumViewController.swift */,
				44990EE028564378007B5C94 /* SongViewController.swift */,
			);
			path = "Controller ";
			sourceTree = "<group>";
		};
		44D3A466284C14A500D93BB0 /* Supporting Files */ = {
			isa = PBXGroup;
			children = (
				44D3A4872852B1DD00D93BB0 /* song-0.mp3 */,
				44D3A4892852B1DE00D93BB0 /* song-1.mp3 */,
				44D3A4882852B1DE00D93BB0 /* song-2.mp3 */,
				44D3A470284C678B00D93BB0 /* categories.json */,
				44D3A433284C142200D93BB0 /* AppDelegate.swift */,
				44D3A435284C142200D93BB0 /* SceneDelegate.swift */,
			);
			path = "Supporting Files";
			sourceTree = "<group>";
		};
		44D3A46D284C18C700D93BB0 /* Service */ = {
			isa = PBXGroup;
			children = (
				44D3A46E284C191300D93BB0 /* CategoryService.swift */,
				44D3A480285110FB00D93BB0 /* UserService.swift */,
				44D3A4852852817000D93BB0 /* AudioService.swift */,
			);
			path = Service;
			sourceTree = "<group>";
		};
/* End PBXGroup section */

/* Begin PBXNativeTarget section */
		44D3A42F284C142200D93BB0 /* SpotifyClone */ = {
			isa = PBXNativeTarget;
			buildConfigurationList = 44D3A45A284C142700D93BB0 /* Build configuration list for PBXNativeTarget "SpotifyClone" */;
			buildPhases = (
				44D3A42C284C142200D93BB0 /* Sources */,
				44D3A42D284C142200D93BB0 /* Frameworks */,
				44D3A42E284C142200D93BB0 /* Resources */,
			);
			buildRules = (
			);
			dependencies = (
			);
			name = SpotifyClone;
			packageProductDependencies = (
				44D3A48328514EAC00D93BB0 /* UIImageColors */,
			);
			productName = SpotifyClone;
			productReference = 44D3A430284C142200D93BB0 /* SpotifyClone.app */;
			productType = "com.apple.product-type.application";
		};
		44D3A445284C142700D93BB0 /* SpotifyCloneTests */ = {
			isa = PBXNativeTarget;
			buildConfigurationList = 44D3A45D284C142700D93BB0 /* Build configuration list for PBXNativeTarget "SpotifyCloneTests" */;
			buildPhases = (
				44D3A442284C142700D93BB0 /* Sources */,
				44D3A443284C142700D93BB0 /* Frameworks */,
				44D3A444284C142700D93BB0 /* Resources */,
			);
			buildRules = (
			);
			dependencies = (
				44D3A448284C142700D93BB0 /* PBXTargetDependency */,
			);
			name = SpotifyCloneTests;
			productName = SpotifyCloneTests;
			productReference = 44D3A446284C142700D93BB0 /* SpotifyCloneTests.xctest */;
			productType = "com.apple.product-type.bundle.unit-test";
		};
		44D3A44F284C142700D93BB0 /* SpotifyCloneUITests */ = {
			isa = PBXNativeTarget;
			buildConfigurationList = 44D3A460284C142700D93BB0 /* Build configuration list for PBXNativeTarget "SpotifyCloneUITests" */;
			buildPhases = (
				44D3A44C284C142700D93BB0 /* Sources */,
				44D3A44D284C142700D93BB0 /* Frameworks */,
				44D3A44E284C142700D93BB0 /* Resources */,
			);
			buildRules = (
			);
			dependencies = (
				44D3A452284C142700D93BB0 /* PBXTargetDependency */,
			);
			name = SpotifyCloneUITests;
			productName = SpotifyCloneUITests;
			productReference = 44D3A450284C142700D93BB0 /* SpotifyCloneUITests.xctest */;
			productType = "com.apple.product-type.bundle.ui-testing";
		};
/* End PBXNativeTarget section */

/* Begin PBXProject section */
		44D3A428284C142200D93BB0 /* Project object */ = {
			isa = PBXProject;
			attributes = {
				BuildIndependentTargetsInParallel = 1;
				LastSwiftUpdateCheck = 1320;
				LastUpgradeCheck = 1320;
				TargetAttributes = {
					44D3A42F284C142200D93BB0 = {
						CreatedOnToolsVersion = 13.2.1;
					};
					44D3A445284C142700D93BB0 = {
						CreatedOnToolsVersion = 13.2.1;
						TestTargetID = 44D3A42F284C142200D93BB0;
					};
					44D3A44F284C142700D93BB0 = {
						CreatedOnToolsVersion = 13.2.1;
						TestTargetID = 44D3A42F284C142200D93BB0;
					};
				};
			};
			buildConfigurationList = 44D3A42B284C142200D93BB0 /* Build configuration list for PBXProject "SpotifyClone" */;
			compatibilityVersion = "Xcode 13.0";
			developmentRegion = en;
			hasScannedForEncodings = 0;
			knownRegions = (
				en,
				Base,
			);
			mainGroup = 44D3A427284C142200D93BB0;
			packageReferences = (
				44D3A48228514EAC00D93BB0 /* XCRemoteSwiftPackageReference "UIImageColors" */,
			);
			productRefGroup = 44D3A431284C142200D93BB0 /* Products */;
			projectDirPath = "";
			projectRoot = "";
			targets = (
				44D3A42F284C142200D93BB0 /* SpotifyClone */,
				44D3A445284C142700D93BB0 /* SpotifyCloneTests */,
				44D3A44F284C142700D93BB0 /* SpotifyCloneUITests */,
			);
		};
/* End PBXProject section */

/* Begin PBXResourcesBuildPhase section */
		44D3A42E284C142200D93BB0 /* Resources */ = {
			isa = PBXResourcesBuildPhase;
			buildActionMask = 2147483647;
			files = (
				44D3A48A2852B1DE00D93BB0 /* song-0.mp3 in Resources */,
				44D3A440284C142700D93BB0 /* LaunchScreen.storyboard in Resources */,
				44D3A48C2852B1DE00D93BB0 /* song-1.mp3 in Resources */,
				44D3A471284C678B00D93BB0 /* categories.json in Resources */,
				44D3A43D284C142700D93BB0 /* Assets.xcassets in Resources */,
				44D3A48B2852B1DE00D93BB0 /* song-2.mp3 in Resources */,
				44D3A43B284C142200D93BB0 /* Main.storyboard in Resources */,
			);
			runOnlyForDeploymentPostprocessing = 0;
		};
		44D3A444284C142700D93BB0 /* Resources */ = {
			isa = PBXResourcesBuildPhase;
			buildActionMask = 2147483647;
			files = (
			);
			runOnlyForDeploymentPostprocessing = 0;
		};
		44D3A44E284C142700D93BB0 /* Resources */ = {
			isa = PBXResourcesBuildPhase;
			buildActionMask = 2147483647;
			files = (
			);
			runOnlyForDeploymentPostprocessing = 0;
		};
/* End PBXResourcesBuildPhase section */

/* Begin PBXSourcesBuildPhase section */
		44D3A42C284C142200D93BB0 /* Sources */ = {
			isa = PBXSourcesBuildPhase;
			buildActionMask = 2147483647;
			files = (
				44D3A468284C153600D93BB0 /* Song.swift in Sources */,
				44D3A47D2850211C00D93BB0 /* SongCell.swift in Sources */,
				44D3A46C284C166300D93BB0 /* Category.swift in Sources */,
				44D3A434284C142200D93BB0 /* AppDelegate.swift in Sources */,
				44D3A475284D4E9400D93BB0 /* CategoryCell.swift in Sources */,
				44D3A46F284C191300D93BB0 /* CategoryService.swift in Sources */,
				44D3A481285110FB00D93BB0 /* UserService.swift in Sources */,
				44D3A436284C142200D93BB0 /* SceneDelegate.swift in Sources */,
				44D3A47B2850189000D93BB0 /* AlbumViewController.swift in Sources */,
				44D3A47F285110C200D93BB0 /* User.swift in Sources */,
				44D3A473284C6D5800D93BB0 /* HomeViewController.swift in Sources */,
				44D3A46A284C15B200D93BB0 /* Album.swift in Sources */,
				44990EE128564379007B5C94 /* SongViewController.swift in Sources */,
				44D3A4862852817000D93BB0 /* AudioService.swift in Sources */,
				44D3A477284D50A600D93BB0 /* AlbumCell.swift in Sources */,
			);
			runOnlyForDeploymentPostprocessing = 0;
		};
		44D3A442284C142700D93BB0 /* Sources */ = {
			isa = PBXSourcesBuildPhase;
			buildActionMask = 2147483647;
			files = (
				44D3A44B284C142700D93BB0 /* SpotifyCloneTests.swift in Sources */,
			);
			runOnlyForDeploymentPostprocessing = 0;
		};
		44D3A44C284C142700D93BB0 /* Sources */ = {
			isa = PBXSourcesBuildPhase;
			buildActionMask = 2147483647;
			files = (
				44D3A455284C142700D93BB0 /* SpotifyCloneUITests.swift in Sources */,
				44D3A457284C142700D93BB0 /* SpotifyCloneUITestsLaunchTests.swift in Sources */,
			);
			runOnlyForDeploymentPostprocessing = 0;
		};
/* End PBXSourcesBuildPhase section */

/* Begin PBXTargetDependency section */
		44D3A448284C142700D93BB0 /* PBXTargetDependency */ = {
			isa = PBXTargetDependency;
			target = 44D3A42F284C142200D93BB0 /* SpotifyClone */;
			targetProxy = 44D3A447284C142700D93BB0 /* PBXContainerItemProxy */;
		};
		44D3A452284C142700D93BB0 /* PBXTargetDependency */ = {
			isa = PBXTargetDependency;
			target = 44D3A42F284C142200D93BB0 /* SpotifyClone */;
			targetProxy = 44D3A451284C142700D93BB0 /* PBXContainerItemProxy */;
		};
/* End PBXTargetDependency section */

/* Begin PBXVariantGroup section */
		44D3A439284C142200D93BB0 /* Main.storyboard */ = {
			isa = PBXVariantGroup;
			children = (
				44D3A43A284C142200D93BB0 /* Base */,
			);
			name = Main.storyboard;
			sourceTree = "<group>";
		};
		44D3A43E284C142700D93BB0 /* LaunchScreen.storyboard */ = {
			isa = PBXVariantGroup;
			children = (
				44D3A43F284C142700D93BB0 /* Base */,
			);
			name = LaunchScreen.storyboard;
			sourceTree = "<group>";
		};
/* End PBXVariantGroup section */

/* Begin XCBuildConfiguration section */
		44D3A458284C142700D93BB0 /* Debug */ = {
			isa = XCBuildConfiguration;
			buildSettings = {
				ALWAYS_SEARCH_USER_PATHS = NO;
				CLANG_ANALYZER_NONNULL = YES;
				CLANG_ANALYZER_NUMBER_OBJECT_CONVERSION = YES_AGGRESSIVE;
				CLANG_CXX_LANGUAGE_STANDARD = "gnu++17";
				CLANG_CXX_LIBRARY = "libc++";
				CLANG_ENABLE_MODULES = YES;
				CLANG_ENABLE_OBJC_ARC = YES;
				CLANG_ENABLE_OBJC_WEAK = YES;
				CLANG_WARN_BLOCK_CAPTURE_AUTORELEASING = YES;
				CLANG_WARN_BOOL_CONVERSION = YES;
				CLANG_WARN_COMMA = YES;
				CLANG_WARN_CONSTANT_CONVERSION = YES;
				CLANG_WARN_DEPRECATED_OBJC_IMPLEMENTATIONS = YES;
				CLANG_WARN_DIRECT_OBJC_ISA_USAGE = YES_ERROR;
				CLANG_WARN_DOCUMENTATION_COMMENTS = YES;
				CLANG_WARN_EMPTY_BODY = YES;
				CLANG_WARN_ENUM_CONVERSION = YES;
				CLANG_WARN_INFINITE_RECURSION = YES;
				CLANG_WARN_INT_CONVERSION = YES;
				CLANG_WARN_NON_LITERAL_NULL_CONVERSION = YES;
				CLANG_WARN_OBJC_IMPLICIT_RETAIN_SELF = YES;
				CLANG_WARN_OBJC_LITERAL_CONVERSION = YES;
				CLANG_WARN_OBJC_ROOT_CLASS = YES_ERROR;
				CLANG_WARN_QUOTED_INCLUDE_IN_FRAMEWORK_HEADER = YES;
				CLANG_WARN_RANGE_LOOP_ANALYSIS = YES;
				CLANG_WARN_STRICT_PROTOTYPES = YES;
				CLANG_WARN_SUSPICIOUS_MOVE = YES;
				CLANG_WARN_UNGUARDED_AVAILABILITY = YES_AGGRESSIVE;
				CLANG_WARN_UNREACHABLE_CODE = YES;
				CLANG_WARN__DUPLICATE_METHOD_MATCH = YES;
				COPY_PHASE_STRIP = NO;
				DEBUG_INFORMATION_FORMAT = dwarf;
				ENABLE_STRICT_OBJC_MSGSEND = YES;
				ENABLE_TESTABILITY = YES;
				GCC_C_LANGUAGE_STANDARD = gnu11;
				GCC_DYNAMIC_NO_PIC = NO;
				GCC_NO_COMMON_BLOCKS = YES;
				GCC_OPTIMIZATION_LEVEL = 0;
				GCC_PREPROCESSOR_DEFINITIONS = (
					"DEBUG=1",
					"$(inherited)",
				);
				GCC_WARN_64_TO_32_BIT_CONVERSION = YES;
				GCC_WARN_ABOUT_RETURN_TYPE = YES_ERROR;
				GCC_WARN_UNDECLARED_SELECTOR = YES;
				GCC_WARN_UNINITIALIZED_AUTOS = YES_AGGRESSIVE;
				GCC_WARN_UNUSED_FUNCTION = YES;
				GCC_WARN_UNUSED_VARIABLE = YES;
				IPHONEOS_DEPLOYMENT_TARGET = 15.2;
				MTL_ENABLE_DEBUG_INFO = INCLUDE_SOURCE;
				MTL_FAST_MATH = YES;
				ONLY_ACTIVE_ARCH = YES;
				SDKROOT = iphoneos;
				SWIFT_ACTIVE_COMPILATION_CONDITIONS = DEBUG;
				SWIFT_OPTIMIZATION_LEVEL = "-Onone";
			};
			name = Debug;
		};
		44D3A459284C142700D93BB0 /* Release */ = {
			isa = XCBuildConfiguration;
			buildSettings = {
				ALWAYS_SEARCH_USER_PATHS = NO;
				CLANG_ANALYZER_NONNULL = YES;
				CLANG_ANALYZER_NUMBER_OBJECT_CONVERSION = YES_AGGRESSIVE;
				CLANG_CXX_LANGUAGE_STANDARD = "gnu++17";
				CLANG_CXX_LIBRARY = "libc++";
				CLANG_ENABLE_MODULES = YES;
				CLANG_ENABLE_OBJC_ARC = YES;
				CLANG_ENABLE_OBJC_WEAK = YES;
				CLANG_WARN_BLOCK_CAPTURE_AUTORELEASING = YES;
				CLANG_WARN_BOOL_CONVERSION = YES;
				CLANG_WARN_COMMA = YES;
				CLANG_WARN_CONSTANT_CONVERSION = YES;
				CLANG_WARN_DEPRECATED_OBJC_IMPLEMENTATIONS = YES;
				CLANG_WARN_DIRECT_OBJC_ISA_USAGE = YES_ERROR;
				CLANG_WARN_DOCUMENTATION_COMMENTS = YES;
				CLANG_WARN_EMPTY_BODY = YES;
				CLANG_WARN_ENUM_CONVERSION = YES;
				CLANG_WARN_INFINITE_RECURSION = YES;
				CLANG_WARN_INT_CONVERSION = YES;
				CLANG_WARN_NON_LITERAL_NULL_CONVERSION = YES;
				CLANG_WARN_OBJC_IMPLICIT_RETAIN_SELF = YES;
				CLANG_WARN_OBJC_LITERAL_CONVERSION = YES;
				CLANG_WARN_OBJC_ROOT_CLASS = YES_ERROR;
				CLANG_WARN_QUOTED_INCLUDE_IN_FRAMEWORK_HEADER = YES;
				CLANG_WARN_RANGE_LOOP_ANALYSIS = YES;
				CLANG_WARN_STRICT_PROTOTYPES = YES;
				CLANG_WARN_SUSPICIOUS_MOVE = YES;
				CLANG_WARN_UNGUARDED_AVAILABILITY = YES_AGGRESSIVE;
				CLANG_WARN_UNREACHABLE_CODE = YES;
				CLANG_WARN__DUPLICATE_METHOD_MATCH = YES;
				COPY_PHASE_STRIP = NO;
				DEBUG_INFORMATION_FORMAT = "dwarf-with-dsym";
				ENABLE_NS_ASSERTIONS = NO;
				ENABLE_STRICT_OBJC_MSGSEND = YES;
				GCC_C_LANGUAGE_STANDARD = gnu11;
				GCC_NO_COMMON_BLOCKS = YES;
				GCC_WARN_64_TO_32_BIT_CONVERSION = YES;
				GCC_WARN_ABOUT_RETURN_TYPE = YES_ERROR;
				GCC_WARN_UNDECLARED_SELECTOR = YES;
				GCC_WARN_UNINITIALIZED_AUTOS = YES_AGGRESSIVE;
				GCC_WARN_UNUSED_FUNCTION = YES;
				GCC_WARN_UNUSED_VARIABLE = YES;
				IPHONEOS_DEPLOYMENT_TARGET = 15.2;
				MTL_ENABLE_DEBUG_INFO = NO;
				MTL_FAST_MATH = YES;
				SDKROOT = iphoneos;
				SWIFT_COMPILATION_MODE = wholemodule;
				SWIFT_OPTIMIZATION_LEVEL = "-O";
				VALIDATE_PRODUCT = YES;
			};
			name = Release;
		};
		44D3A45B284C142700D93BB0 /* Debug */ = {
			isa = XCBuildConfiguration;
			buildSettings = {
				ASSETCATALOG_COMPILER_APPICON_NAME = AppIcon;
				ASSETCATALOG_COMPILER_GLOBAL_ACCENT_COLOR_NAME = AccentColor;
				CODE_SIGN_STYLE = Automatic;
				CURRENT_PROJECT_VERSION = 1;
				GENERATE_INFOPLIST_FILE = YES;
				INFOPLIST_FILE = SpotifyClone/Info.plist;
				INFOPLIST_KEY_UIApplicationSupportsIndirectInputEvents = YES;
				INFOPLIST_KEY_UILaunchStoryboardName = LaunchScreen;
				INFOPLIST_KEY_UIMainStoryboardFile = Main;
				INFOPLIST_KEY_UISupportedInterfaceOrientations_iPad = "UIInterfaceOrientationPortrait UIInterfaceOrientationPortraitUpsideDown UIInterfaceOrientationLandscapeLeft UIInterfaceOrientationLandscapeRight";
				INFOPLIST_KEY_UISupportedInterfaceOrientations_iPhone = "UIInterfaceOrientationPortrait UIInterfaceOrientationLandscapeLeft UIInterfaceOrientationLandscapeRight";
				LD_RUNPATH_SEARCH_PATHS = (
					"$(inherited)",
					"@executable_path/Frameworks",
				);
				MARKETING_VERSION = 1.0;
				PRODUCT_BUNDLE_IDENTIFIER = edu.usc.SpotifyClone;
				PRODUCT_NAME = "$(TARGET_NAME)";
				SWIFT_EMIT_LOC_STRINGS = YES;
				SWIFT_VERSION = 5.0;
				TARGETED_DEVICE_FAMILY = 1;
			};
			name = Debug;
		};
		44D3A45C284C142700D93BB0 /* Release */ = {
			isa = XCBuildConfiguration;
			buildSettings = {
				ASSETCATALOG_COMPILER_APPICON_NAME = AppIcon;
				ASSETCATALOG_COMPILER_GLOBAL_ACCENT_COLOR_NAME = AccentColor;
				CODE_SIGN_STYLE = Automatic;
				CURRENT_PROJECT_VERSION = 1;
				GENERATE_INFOPLIST_FILE = YES;
				INFOPLIST_FILE = SpotifyClone/Info.plist;
				INFOPLIST_KEY_UIApplicationSupportsIndirectInputEvents = YES;
				INFOPLIST_KEY_UILaunchStoryboardName = LaunchScreen;
				INFOPLIST_KEY_UIMainStoryboardFile = Main;
				INFOPLIST_KEY_UISupportedInterfaceOrientations_iPad = "UIInterfaceOrientationPortrait UIInterfaceOrientationPortraitUpsideDown UIInterfaceOrientationLandscapeLeft UIInterfaceOrientationLandscapeRight";
				INFOPLIST_KEY_UISupportedInterfaceOrientations_iPhone = "UIInterfaceOrientationPortrait UIInterfaceOrientationLandscapeLeft UIInterfaceOrientationLandscapeRight";
				LD_RUNPATH_SEARCH_PATHS = (
					"$(inherited)",
					"@executable_path/Frameworks",
				);
				MARKETING_VERSION = 1.0;
				PRODUCT_BUNDLE_IDENTIFIER = edu.usc.SpotifyClone;
				PRODUCT_NAME = "$(TARGET_NAME)";
				SWIFT_EMIT_LOC_STRINGS = YES;
				SWIFT_VERSION = 5.0;
				TARGETED_DEVICE_FAMILY = 1;
			};
			name = Release;
		};
		44D3A45E284C142700D93BB0 /* Debug */ = {
			isa = XCBuildConfiguration;
			buildSettings = {
				ALWAYS_EMBED_SWIFT_STANDARD_LIBRARIES = YES;
				BUNDLE_LOADER = "$(TEST_HOST)";
				CODE_SIGN_STYLE = Automatic;
				CURRENT_PROJECT_VERSION = 1;
				GENERATE_INFOPLIST_FILE = YES;
				IPHONEOS_DEPLOYMENT_TARGET = 15.2;
				MARKETING_VERSION = 1.0;
				PRODUCT_BUNDLE_IDENTIFIER = edu.usc.SpotifyCloneTests;
				PRODUCT_NAME = "$(TARGET_NAME)";
				SWIFT_EMIT_LOC_STRINGS = NO;
				SWIFT_VERSION = 5.0;
				TARGETED_DEVICE_FAMILY = "1,2";
				TEST_HOST = "$(BUILT_PRODUCTS_DIR)/SpotifyClone.app/SpotifyClone";
			};
			name = Debug;
		};
		44D3A45F284C142700D93BB0 /* Release */ = {
			isa = XCBuildConfiguration;
			buildSettings = {
				ALWAYS_EMBED_SWIFT_STANDARD_LIBRARIES = YES;
				BUNDLE_LOADER = "$(TEST_HOST)";
				CODE_SIGN_STYLE = Automatic;
				CURRENT_PROJECT_VERSION = 1;
				GENERATE_INFOPLIST_FILE = YES;
				IPHONEOS_DEPLOYMENT_TARGET = 15.2;
				MARKETING_VERSION = 1.0;
				PRODUCT_BUNDLE_IDENTIFIER = edu.usc.SpotifyCloneTests;
				PRODUCT_NAME = "$(TARGET_NAME)";
				SWIFT_EMIT_LOC_STRINGS = NO;
				SWIFT_VERSION = 5.0;
				TARGETED_DEVICE_FAMILY = "1,2";
				TEST_HOST = "$(BUILT_PRODUCTS_DIR)/SpotifyClone.app/SpotifyClone";
			};
			name = Release;
		};
		44D3A461284C142700D93BB0 /* Debug */ = {
			isa = XCBuildConfiguration;
			buildSettings = {
				ALWAYS_EMBED_SWIFT_STANDARD_LIBRARIES = YES;
				CODE_SIGN_STYLE = Automatic;
				CURRENT_PROJECT_VERSION = 1;
				GENERATE_INFOPLIST_FILE = YES;
				MARKETING_VERSION = 1.0;
				PRODUCT_BUNDLE_IDENTIFIER = edu.usc.SpotifyCloneUITests;
				PRODUCT_NAME = "$(TARGET_NAME)";
				SWIFT_EMIT_LOC_STRINGS = NO;
				SWIFT_VERSION = 5.0;
				TARGETED_DEVICE_FAMILY = "1,2";
				TEST_TARGET_NAME = SpotifyClone;
			};
			name = Debug;
		};
		44D3A462284C142700D93BB0 /* Release */ = {
			isa = XCBuildConfiguration;
			buildSettings = {
				ALWAYS_EMBED_SWIFT_STANDARD_LIBRARIES = YES;
				CODE_SIGN_STYLE = Automatic;
				CURRENT_PROJECT_VERSION = 1;
				GENERATE_INFOPLIST_FILE = YES;
				MARKETING_VERSION = 1.0;
				PRODUCT_BUNDLE_IDENTIFIER = edu.usc.SpotifyCloneUITests;
				PRODUCT_NAME = "$(TARGET_NAME)";
				SWIFT_EMIT_LOC_STRINGS = NO;
				SWIFT_VERSION = 5.0;
				TARGETED_DEVICE_FAMILY = "1,2";
				TEST_TARGET_NAME = SpotifyClone;
			};
			name = Release;
		};
/* End XCBuildConfiguration section */

/* Begin XCConfigurationList section */
		44D3A42B284C142200D93BB0 /* Build configuration list for PBXProject "SpotifyClone" */ = {
			isa = XCConfigurationList;
			buildConfigurations = (
				44D3A458284C142700D93BB0 /* Debug */,
				44D3A459284C142700D93BB0 /* Release */,
			);
			defaultConfigurationIsVisible = 0;
			defaultConfigurationName = Release;
		};
		44D3A45A284C142700D93BB0 /* Build configuration list for PBXNativeTarget "SpotifyClone" */ = {
			isa = XCConfigurationList;
			buildConfigurations = (
				44D3A45B284C142700D93BB0 /* Debug */,
				44D3A45C284C142700D93BB0 /* Release */,
			);
			defaultConfigurationIsVisible = 0;
			defaultConfigurationName = Release;
		};
		44D3A45D284C142700D93BB0 /* Build configuration list for PBXNativeTarget "SpotifyCloneTests" */ = {
			isa = XCConfigurationList;
			buildConfigurations = (
				44D3A45E284C142700D93BB0 /* Debug */,
				44D3A45F284C142700D93BB0 /* Release */,
			);
			defaultConfigurationIsVisible = 0;
			defaultConfigurationName = Release;
		};
		44D3A460284C142700D93BB0 /* Build configuration list for PBXNativeTarget "SpotifyCloneUITests" */ = {
			isa = XCConfigurationList;
			buildConfigurations = (
				44D3A461284C142700D93BB0 /* Debug */,
				44D3A462284C142700D93BB0 /* Release */,
			);
			defaultConfigurationIsVisible = 0;
			defaultConfigurationName = Release;
		};
/* End XCConfigurationList section */

/* Begin XCRemoteSwiftPackageReference section */
		44D3A48228514EAC00D93BB0 /* XCRemoteSwiftPackageReference "UIImageColors" */ = {
			isa = XCRemoteSwiftPackageReference;
			repositoryURL = "https://github.com/jathu/UIImageColors.git";
			requirement = {
				kind = upToNextMajorVersion;
				minimumVersion = 2.0.0;
			};
		};
/* End XCRemoteSwiftPackageReference section */

/* Begin XCSwiftPackageProductDependency section */
		44D3A48328514EAC00D93BB0 /* UIImageColors */ = {
			isa = XCSwiftPackageProductDependency;
			package = 44D3A48228514EAC00D93BB0 /* XCRemoteSwiftPackageReference "UIImageColors" */;
			productName = UIImageColors;
		};
/* End XCSwiftPackageProductDependency section */
	};
	rootObject = 44D3A428284C142200D93BB0 /* Project object */;
}
